
Microsoft Visual Studio Solution File, Format Version 12.00
# Visual Studio Version 17
VisualStudioVersion = 17.5.2.0
MinimumVisualStudioVersion = 10.0.40219.1
Project("{FAE04EC0-301F-11D3-BF4B-00C04F79EFBC}") = "SistemaGerenciamentoEstoque", "SistemaGerenciamentoEstoque\SistemaGerenciamentoEstoque.csproj", "{ABC3317A-8B56-C07A-869B-FA0EE7D659DE}"
EndProject
Project("{FAE04EC0-301F-11D3-BF4B-00C04F79EFBC}") = "SistemaBiblioteca", "SistemaBiblioteca\SistemaBiblioteca.csproj", "{98581129-4AEF-4208-B7BD-9ACB5B69F7CB}"
EndProject
Global
	GlobalSection(SolutionConfigurationPlatforms) = preSolution
		Debug|Any CPU = Debug|Any CPU
		Debug|x64 = Debug|x64
		Debug|x86 = Debug|x86
		Release|Any CPU = Release|Any CPU
		Release|x64 = Release|x64
		Release|x86 = Release|x86
	EndGlobalSection
	GlobalSection(ProjectConfigurationPlatforms) = postSolution
		{ABC3317A-8B56-C07A-869B-FA0EE7D659DE}.Debug|Any CPU.ActiveCfg = Debug|Any CPU
		{ABC3317A-8B56-C07A-869B-FA0EE7D659DE}.Debug|Any CPU.Build.0 = Debug|Any CPU
		{ABC3317A-8B56-C07A-869B-FA0EE7D659DE}.Debug|x64.ActiveCfg = Debug|Any CPU
		{ABC3317A-8B56-C07A-869B-FA0EE7D659DE}.Debug|x64.Build.0 = Debug|Any CPU
		{ABC3317A-8B56-C07A-869B-FA0EE7D659DE}.Debug|x86.ActiveCfg = Debug|Any CPU
		{ABC3317A-8B56-C07A-869B-FA0EE7D659DE}.Debug|x86.Build.0 = Debug|Any CPU
		{ABC3317A-8B56-C07A-869B-FA0EE7D659DE}.Release|Any CPU.ActiveCfg = Release|Any CPU
		{ABC3317A-8B56-C07A-869B-FA0EE7D659DE}.Release|Any CPU.Build.0 = Release|Any CPU
		{ABC3317A-8B56-C07A-869B-FA0EE7D659DE}.Release|x64.ActiveCfg = Release|Any CPU
		{ABC3317A-8B56-C07A-869B-FA0EE7D659DE}.Release|x64.Build.0 = Release|Any CPU
		{ABC3317A-8B56-C07A-869B-FA0EE7D659DE}.Release|x86.ActiveCfg = Release|Any CPU
		{ABC3317A-8B56-C07A-869B-FA0EE7D659DE}.Release|x86.Build.0 = Release|Any CPU
		{98581129-4AEF-4208-B7BD-9ACB5B69F7CB}.Debug|Any CPU.ActiveCfg = Debug|Any CPU
		{98581129-4AEF-4208-B7BD-9ACB5B69F7CB}.Debug|Any CPU.Build.0 = Debug|Any CPU
		{98581129-4AEF-4208-B7BD-9ACB5B69F7CB}.Debug|x64.ActiveCfg = Debug|Any CPU
		{98581129-4AEF-4208-B7BD-9ACB5B69F7CB}.Debug|x64.Build.0 = Debug|Any CPU
		{98581129-4AEF-4208-B7BD-9ACB5B69F7CB}.Debug|x86.ActiveCfg = Debug|Any CPU
		{98581129-4AEF-4208-B7BD-9ACB5B69F7CB}.Debug|x86.Build.0 = Debug|Any CPU
		{98581129-4AEF-4208-B7BD-9ACB5B69F7CB}.Release|Any CPU.ActiveCfg = Release|Any CPU
		{98581129-4AEF-4208-B7BD-9ACB5B69F7CB}.Release|Any CPU.Build.0 = Release|Any CPU
		{98581129-4AEF-4208-B7BD-9ACB5B69F7CB}.Release|x64.ActiveCfg = Release|Any CPU
		{98581129-4AEF-4208-B7BD-9ACB5B69F7CB}.Release|x64.Build.0 = Release|Any CPU
		{98581129-4AEF-4208-B7BD-9ACB5B69F7CB}.Release|x86.ActiveCfg = Release|Any CPU
		{98581129-4AEF-4208-B7BD-9ACB5B69F7CB}.Release|x86.Build.0 = Release|Any CPU
	EndGlobalSection
	GlobalSection(SolutionProperties) = preSolution
		HideSolutionNode = FALSE
	EndGlobalSection
	GlobalSection(ExtensibilityGlobals) = postSolution
		SolutionGuid = {ADD0A4AF-15EC-429B-841F-4848D8BA9FCC}
	EndGlobalSection
EndGlobal
